{
  "name": "hardiman-bitmovin-playlist-lib",
  "version": "1.0.1",
  "lockfileVersion": 1,
  "requires": true,
  "dependencies": {
    "bitmovin-player": {
      "version": "8.18.1",
      "resolved": "https://registry.npmjs.org/bitmovin-player/-/bitmovin-player-8.18.1.tgz",
      "integrity": "sha512-O+Z5sf95ZAiheahZlG9zW50Q3rpwUHTOC4L6owelx2qi3HVsn8ZvqeuDUOrU/61ucYerNBBu/ERX788ab1LXag=="
    }
  }
}
